
Microsoft Visual Studio Solution File, Format Version 12.00
# Visual Studio 15
VisualStudioVersion = 15.0.28307.168
MinimumVisualStudioVersion = 10.0.40219.1
Project("{FAE04EC0-301F-11D3-BF4B-00C04F79EFBC}") = "EFGetStarted.AspNetCore.ExistingDb", "EFGetStarted.AspNetCore.ExistingDb\EFGetStarted.AspNetCore.ExistingDb.csproj", "{A94C4D6D-C127-4079-A946-27E6329E9BB5}"
EndProject
Global
	GlobalSection(SolutionConfigurationPlatforms) = preSolution
		Debug|Any CPU = Debug|Any CPU
		Release|Any CPU = Release|Any CPU
	EndGlobalSection
	GlobalSection(ProjectConfigurationPlatforms) = postSolution
		{A94C4D6D-C127-4079-A946-27E6329E9BB5}.Debug|Any CPU.ActiveCfg = Debug|Any CPU
		{A94C4D6D-C127-4079-A946-27E6329E9BB5}.Debug|Any CPU.Build.0 = Debug|Any CPU
		{A94C4D6D-C127-4079-A946-27E6329E9BB5}.Release|Any CPU.ActiveCfg = Release|Any CPU
		{A94C4D6D-C127-4079-A946-27E6329E9BB5}.Release|Any CPU.Build.0 = Release|Any CPU
	EndGlobalSection
	GlobalSection(SolutionProperties) = preSolution
		HideSolutionNode = FALSE
	EndGlobalSection
	GlobalSection(ExtensibilityGlobals) = postSolution
		SolutionGuid = {CFE88DE3-D24E-4924-A212-FA1E74080ED0}
	EndGlobalSection
EndGlobal
